{
  "lockfileVersion": 2,
  "configVersion": 1,
  "workspaces": {
    "": {
      "name": "scrimba-clone",
      "dependencies": {
        "ccusage": "^20.0.20",
      },
      "devDependencies": {
        "jsonwebtoken": "^9.0.3",
      },
    },
    "backend": {
      "name": "backend",
      "version": "1.0.0",
      "dependencies": {
        "@aws-sdk/client-s3": "^3.1119.0",
        "@aws-sdk/s3-request-presigner": "^3.1119.0",
        "@prisma/client": "^5.10.2",
        "@scrimba-clone/shared": "workspace:*",
        "bcryptjs": "^3.0.3",
        "hono": "^4.13.4",
        "jsonwebtoken": "^9.0.3",
      },
      "devDependencies": {
        "@types/bcryptjs": "^3.0.0",
        "@types/jsonwebtoken": "^9.0.10",
        "bun-types": "^1.4.0",
        "prisma": "^5.10.2",
        "typescript": "^5.0.0",
      },
    },
    "extension": {
      "name": "scrimba-clone",
      "version": "1.0.0",
      "dependencies": {
        "@scrimba-clone/shared": "workspace:*",
        "node-pty": "^1.1.0",
      },
      "devDependencies": {
        "@types/node": "^18.0.0",
        "@types/vscode": "^1.80.0",
        "esbuild": "^0.28.2",
        "typescript": "^5.0.0",
      },
    },
    "packages/shared": {
      "name": "@scrimba-clone/shared",
      "version": "1.0.0",
      "dependencies": {
        "zod": "^3.23.8",
      },
    },
  },
  "packages": {
    "@aws-sdk/checksums": ["@aws-sdk/checksums@3.1000.29", "", { "dependencies": { "@aws-sdk/core": "^3.977.9", "@aws-sdk/types": "^3.974.5", "@smithy/core": "^3.33.3", "@smithy/types": "^4.17.2", "tslib": "^2.6.2" } }, "sha512-Dtu0gr4dnATZAPwEYbpCsG+MpLM7OAliy2gTepEFQwl1vZ6DL3QMH2FveMa3HLvPsOdhJsPRB3KtxVhph9T75A=="],

    "@aws-sdk/client-s3": ["@aws-sdk/client-s3@3.1119.0", "", { "dependencies": { "@aws-sdk/checksums": "^3.1000.29", "@aws-sdk/core": "^3.977.9", "@aws-sdk/credential-provider-node": "^3.972.81", "@aws-sdk/middleware-sdk-s3": "^3.972.75", "@aws-sdk/signature-v4-multi-region": "^3.996.46", "@aws-sdk/types": "^3.974.5", "@smithy/core": "^3.33.3", "@smithy/fetch-http-handler": "^5.7.2", "@smithy/node-http-handler": "^4.11.3", "@smithy/types": "^4.17.2", "tslib": "^2.6.2" } }, "sha512-8+UH1uBWwjbRu0ugTBhJ/cu3rL/vzf1tm9/3+xZGf1uybIO3HTF2xLJJaTKkRPvzxz8/n/w+YrwoHGZ2Q/a2Zg=="],

    "@aws-sdk/core": ["@aws-sdk/core@3.977.9", "", { "dependencies": { "@aws-sdk/types": "^3.974.5", "@aws-sdk/xml-builder": "^3.972.40", "@aws/lambda-invoke-store": "^0.3.0", "@smithy/core": "^3.33.3", "@smithy/signature-v4": "^5.6.12", "@smithy/types": "^4.17.2", "bowser": "^2.11.0", "tslib": "^2.6.2" } }, "sha512-reqPFEQrZxDZpeGj4PFMepBeR5LGYHRqq/L0motTzgFkCRBA4rFdaVXDSLYyGHhxVz7sT2PDnPN9CluGSfgyJA=="],

    "@aws-sdk/credential-provider-env": ["@aws-sdk/credential-provider-env@3.972.70", "", { "dependencies": { "@aws-sdk/core": "^3.977.9", "@aws-sdk/types": "^3.974.5", "@smithy/core": "^3.33.3", "@smithy/types": "^4.17.2", "tslib": "^2.6.2" } }, "sha512-H404B7dJl2mCrBqahDEYsanB0xhdDp6tXnXcTUnXmmpy2Q3J0Ho0bUajZ2jr/RdwzCyS59Gi8xXIFwPLGBl6Uw=="],

    "@aws-sdk/credential-provider-http": ["@aws-sdk/credential-provider-http@3.972.72", "", { "dependencies": { "@aws-sdk/core": "^3.977.9", "@aws-sdk/types": "^3.974.5", "@smithy/core": "^3.33.3", "@smithy/fetch-http-handler": "^5.7.2", "@smithy/node-http-handler": "^4.11.3", "@smithy/types": "^4.17.2", "tslib": "^2.6.2" } }, "sha512-X98zYOrVOeuosCX+6ktf29FC2N2GHPLia7qv6mzPzTc+RPAuHWCDS++Z6JK7eGYqb/v6uaW7bAXaOvDBfol+0w=="],

    "@aws-sdk/credential-provider-ini": ["@aws-sdk/credential-provider-ini@3.973.15", "", { "dependencies": { "@aws-sdk/core": "^3.977.9", "@aws-sdk/credential-provider-env": "^3.972.70", "@aws-sdk/credential-provider-http": "^3.972.72", "@aws-sdk/credential-provider-login": "^3.972.77", "@aws-sdk/credential-provider-process": "^3.972.70", "@aws-sdk/credential-provider-sso": "^3.973.14", "@aws-sdk/credential-provider-web-identity": "^3.972.76", "@aws-sdk/nested-clients": "^3.997.44", "@aws-sdk/types": "^3.974.5", "@smithy/core": "^3.33.3", "@smithy/credential-provider-imds": "^4.4.16", "@smithy/types": "^4.17.2", "tslib": "^2.6.2" } }, "sha512-Rykg6s5ceBuynMOGWgoowO4N+27JfnqXAnVaSunZl0hOO1XodSrxGNz6sCEbnmS0lAfQZDKyb3fbr46gSuv6Sg=="],

    "@aws-sdk/credential-provider-login": ["@aws-sdk/credential-provider-login@3.972.77", "", { "dependencies": { "@aws-sdk/core": "^3.977.9", "@aws-sdk/nested-clients": "^3.997.44", "@aws-sdk/types": "^3.974.5", "@smithy/core": "^3.33.3", "@smithy/types": "^4.17.2", "tslib": "^2.6.2" } }, "sha512-Jb59xfEISoN5mmbnA+HYqdtrSX3CgCtJoof+V5D8/TgUI56W63GEEd5Y58WijU3Ou6+WEgaLD1feVzaRXV5IDQ=="],

    "@aws-sdk/credential-provider-node": ["@aws-sdk/credential-provider-node@3.972.81", "", { "dependencies": { "@aws-sdk/credential-provider-env": "^3.972.70", "@aws-sdk/credential-provider-http": "^3.972.72", "@aws-sdk/credential-provider-ini": "^3.973.15", "@aws-sdk/credential-provider-process": "^3.972.70", "@aws-sdk/credential-provider-sso": "^3.973.14", "@aws-sdk/credential-provider-web-identity": "^3.972.76", "@aws-sdk/types": "^3.974.5", "@smithy/core": "^3.33.3", "@smithy/credential-provider-imds": "^4.4.16", "@smithy/types": "^4.17.2", "tslib": "^2.6.2" } }, "sha512-Rml+WitoFvXmv6JZ18U/xGdGDGGvB/mOin0ya0lTnTrdC0Z1lrVxTYh7iNklZBcvcRMrs4DoEf6xy1KWyrLQQw=="],

    "@aws-sdk/credential-provider-process": ["@aws-sdk/credential-provider-process@3.972.70", "", { "dependencies": { "@aws-sdk/core": "^3.977.9", "@aws-sdk/types": "^3.974.5", "@smithy/core": "^3.33.3", "@smithy/types": "^4.17.2", "tslib": "^2.6.2" } }, "sha512-2ry03fGRJr4sV3jI+ocjj5JqALnFD6ymM5KiNCDZMvq8bX2GSbE0vji4aM43TVCl2nXqqLRZaUxdq/KeWRAY4Q=="],

    "@aws-sdk/credential-provider-sso": ["@aws-sdk/credential-provider-sso@3.973.14", "", { "dependencies": { "@aws-sdk/core": "^3.977.9", "@aws-sdk/nested-clients": "^3.997.44", "@aws-sdk/token-providers": "3.1116.0", "@aws-sdk/types": "^3.974.5", "@smithy/core": "^3.33.3", "@smithy/types": "^4.17.2", "tslib": "^2.6.2" } }, "sha512-jkhg/8ocAAoc0RFyLMhCw+/zZh7gystQgd4F4hznNa8P4Cc501PQmxd+jGLiMHodPJ+7Zv/3znM62gZojyasmA=="],

    "@aws-sdk/credential-provider-web-identity": ["@aws-sdk/credential-provider-web-identity@3.972.76", "", { "dependencies": { "@aws-sdk/core": "^3.977.9", "@aws-sdk/nested-clients": "^3.997.44", "@aws-sdk/types": "^3.974.5", "@smithy/core": "^3.33.3", "@smithy/types": "^4.17.2", "tslib": "^2.6.2" } }, "sha512-d3AGyVu759PGr35mEB2s22xxlNEA5rpdxtSPJthfPFJvoQ8dt357iVPECqWfUxXp1toJAvKmbtcIYVGigaGsCA=="],

    "@aws-sdk/middleware-sdk-s3": ["@aws-sdk/middleware-sdk-s3@3.972.75", "", { "dependencies": { "@aws-sdk/core": "^3.977.9", "@aws-sdk/signature-v4-multi-region": "^3.996.46", "@aws-sdk/types": "^3.974.5", "@smithy/core": "^3.33.3", "@smithy/types": "^4.17.2", "tslib": "^2.6.2" } }, "sha512-wMIsNumRVKaNMKhvU/s9VrdEwE8S6gSzXp4RygFG5BEMnGkkXf8cjh8zf7cKJBpUDpqTWqwbz5isEgp9rH6Lng=="],

    "@aws-sdk/nested-clients": ["@aws-sdk/nested-clients@3.997.44", "", { "dependencies": { "@aws-sdk/core": "^3.977.9", "@aws-sdk/signature-v4-multi-region": "^3.996.46", "@aws-sdk/types": "^3.974.5", "@smithy/core": "^3.33.3", "@smithy/fetch-http-handler": "^5.7.2", "@smithy/node-http-handler": "^4.11.3", "@smithy/types": "^4.17.2", "tslib": "^2.6.2" } }, "sha512-NhEgryjlBF9w38ZXqGymQV28IhkYa1mKhlbYnqIis57AYwWGVYfUPgg/qC2rLRqOUfblxx++irvju10kVTa8Vw=="],

    "@aws-sdk/s3-request-presigner": ["@aws-sdk/s3-request-presigner@3.1119.0", "", { "dependencies": { "@aws-sdk/core": "^3.977.9", "@aws-sdk/signature-v4-multi-region": "^3.996.46", "@aws-sdk/types": "^3.974.5", "@smithy/core": "^3.33.3", "@smithy/types": "^4.17.2", "tslib": "^2.6.2" } }, "sha512-yEqb0ispm9uXZ7nk5stErMB7yn43j3XCAaHM15MsdWaCk7RvEmGjYdbyHZcH86JpUg7mk1v1m2xwzLj2o+3uCg=="],

    "@aws-sdk/signature-v4-multi-region": ["@aws-sdk/signature-v4-multi-region@3.996.46", "", { "dependencies": { "@aws-sdk/types": "^3.974.5", "@smithy/signature-v4": "^5.6.12", "@smithy/types": "^4.17.2", "tslib": "^2.6.2" } }, "sha512-L+2xZTye/2T96f3lwCws0Zw6GG2JHZW9e8FpVgGBeeExSKyeoZ6CWRpBml/7DNiK/O26jrgPM9F+Ay8VkgzUWQ=="],

    "@aws-sdk/token-providers": ["@aws-sdk/token-providers@3.1116.0", "", { "dependencies": { "@aws-sdk/core": "^3.977.9", "@aws-sdk/nested-clients": "^3.997.44", "@aws-sdk/types": "^3.974.5", "@smithy/core": "^3.33.3", "@smithy/types": "^4.17.2", "tslib": "^2.6.2" } }, "sha512-ygIivKqh8aHzNkucOCXHyIBgBpLPfrSI0mCqXF+vLBsPTUKqj0VSqAY0GFPe7lQl4HntjOcQ+KSyS7oUV2C54Q=="],

    "@aws-sdk/types": ["@aws-sdk/types@3.974.5", "", { "dependencies": { "@smithy/types": "^4.17.2", "tslib": "^2.6.2" } }, "sha512-LkwLL2BLbC6wNNm4JaH9mbEqBMdOZCct6VAYqhdN4U1xrWM+fUJQEfbHwQgDypapOWTRtlk25akb5afM0P8CIQ=="],

    "@aws-sdk/xml-builder": ["@aws-sdk/xml-builder@3.972.40", "", { "dependencies": { "@smithy/types": "^4.17.2", "tslib": "^2.6.2" } }, "sha512-wlFmCIGUlwF4zx/kncw+bmxTQh1HeSJq4mYV/V5cZUSJadDP3kXvGW8Rn21cimj/7y9ju+47oYWXi97vF7czaA=="],

    "@aws/lambda-invoke-store": ["@aws/lambda-invoke-store@0.3.0", "", {}, "sha512-sl4Bm6yiMNYrZKkqqDFWN0UfnWhlS8ivKxrYl+6t0gCLrqr8y3B2IqZZbFRkfaVVp7C/baApyh71P+LeE1A2sQ=="],

    "@ccusage/ccusage-darwin-arm64": ["@ccusage/ccusage-darwin-arm64@20.0.20", "", { "os": "darwin", "cpu": "arm64" }, "sha512-TgvU1u9bjgBD+CuQqj55PNAl3LnrW9awCeXDkPS0acntTP72A4gdGjCBZ+LAmR8HECBlvD9lSDqWHhpCX9kZQw=="],

    "@ccusage/ccusage-darwin-x64": ["@ccusage/ccusage-darwin-x64@20.0.20", "", { "os": "darwin", "cpu": "x64" }, "sha512-UkanWl+XRiC7rgTG7eZDy4xqleQOZ3xd8i6RBW77p2OhHheBpGznMkqS7/5rPT2JQ10cnkOKqjxFE09CLAmIrQ=="],

    "@ccusage/ccusage-linux-arm64": ["@ccusage/ccusage-linux-arm64@20.0.20", "", { "os": "linux", "cpu": "arm64" }, "sha512-iiURX4sqr3S7jrDJW6P6F0QtP6lx7lkhqqxBQXzaL/66xjhUkCDHKzRglixPuSBxkNaKGL6RAtKGk/ubFGvdBg=="],

    "@ccusage/ccusage-linux-x64": ["@ccusage/ccusage-linux-x64@20.0.20", "", { "os": "linux", "cpu": "x64" }, "sha512-qG5LcyerzKJVPu3hTRHYaWo6VtKB9uyGbRdviw4imInIWRQdPcrEAIb22oCO7iWEfAEv5ZYmTjYWJLX+dR5HXg=="],

    "@ccusage/ccusage-win32-arm64": ["@ccusage/ccusage-win32-arm64@20.0.20", "", { "os": "win32", "cpu": "arm64" }, "sha512-BUXxVGbZ6WtA8RGqjukzkKFmS2x2cjMTV1kU5weZ4+K/uPHIHJjDIDnSKJtNAllwpwlPKpC+k3UdhkapeVM10w=="],

    "@ccusage/ccusage-win32-x64": ["@ccusage/ccusage-win32-x64@20.0.20", "", { "os": "win32", "cpu": "x64" }, "sha512-6R9cdLuRy529ewdkKbwtjx7boCQNFK8KG1F6d5G/pw2ApKRmucWcwjFo/7sNULQtZMyUxhYa40tUnWy9L/yTMA=="],

    "@esbuild/aix-ppc64": ["@esbuild/aix-ppc64@0.28.2", "", { "os": "aix", "cpu": "ppc64" }, "sha512-XExcO+dvLKvVtNTibSTBej1NCAbaGhWn9Ww1ZPx80qsahhPFe/8jgWP0IchNe0F3HwkU7n8ejhH8bjonqht8mQ=="],

    "@esbuild/android-arm": ["@esbuild/android-arm@0.28.2", "", { "os": "android", "cpu": "arm" }, "sha512-kXXoiPVVGQcnIYGOeaovwOURpniDBpSq4A03qkQ+BMQqtGG6HYap3xne9C1O1yo4TR3qxlCX5IqqmX6fFo2Lqg=="],

    "@esbuild/android-arm64": ["@esbuild/android-arm64@0.28.2", "", { "os": "android", "cpu": "arm64" }, "sha512-5YfKeeI8qWfBZIX+u2xZC3Zlb3Os/gLS2sbEKM+I4ZOcsWmHS2WLysCcQZDAFRslDUU5Oiq44gf6PYN1vGwG5A=="],

    "@esbuild/android-x64": ["@esbuild/android-x64@0.28.2", "", { "os": "android", "cpu": "x64" }, "sha512-O387ite7SzUyCcy3JQX4P4bLtEA7bLLkx+esve5JHnyYfNTxcVpXZo9jhdB0lTKN44gztELTdU7nS8Nr16Fs1Q=="],

    "@esbuild/darwin-arm64": ["@esbuild/darwin-arm64@0.28.2", "", { "os": "darwin", "cpu": "arm64" }, "sha512-n4KqkOQrraxHJcgjM1RvwbigfQKIKJVpM7xp+KsxiyUSrRdIXnt73VhrPAx0fV44hgfmIVKjxMN9J1t5jySVkw=="],

    "@esbuild/darwin-x64": ["@esbuild/darwin-x64@0.28.2", "", { "os": "darwin", "cpu": "x64" }, "sha512-uq6suIWYP37qzGddBKPw5QEQPi6HiLGsO7UmkpfyaYNQ3D+rN6w6WfwH+nuqcGXWvawGwxOEroO4YGnFh95azw=="],

    "@esbuild/freebsd-arm64": ["@esbuild/freebsd-arm64@0.28.2", "", { "os": "freebsd", "cpu": "arm64" }, "sha512-n+I0BTSRIoy+d6RPKnEVwql5UwBJolytvY4mAOIEJorKlqgPII8ix6slVVrfZ5Tnj7glIZvloylbB/EJPMWEXw=="],

    "@esbuild/freebsd-x64": ["@esbuild/freebsd-x64@0.28.2", "", { "os": "freebsd", "cpu": "x64" }, "sha512-78XJTJkvPs0kz2w61301PJjXl4g7q3JqiYMZ/M/yVI73EHBrCRTgkhu9oqG7vPqq+a/yadEW8aD+agKlk5xrmg=="],

    "@esbuild/linux-arm": ["@esbuild/linux-arm@0.28.2", "", { "os": "linux", "cpu": "arm" }, "sha512-XlDnu2q5yoqems+xay6wSAcg9DDD7K9RLKZEBOMZm3ckNpJBvOX20tSfby8KfrrhINDyv9V2YVZKY/SpoGJI8w=="],

    "@esbuild/linux-arm64": ["@esbuild/linux-arm64@0.28.2", "", { "os": "linux", "cpu": "arm64" }, "sha512-pW4AC0P3it8c7do9MVM4p51FzHzdM/TZrerurgRcHJ2WTa1VQ1CIq18xncfpBJw4ojkiZZrKW2yIBWBP92j6Ug=="],

    "@esbuild/linux-ia32": ["@esbuild/linux-ia32@0.28.2", "", { "os": "linux", "cpu": "ia32" }, "sha512-CYbnj78HsIeA+DhgUKgFCfvNsTHFhMMrinUrMZpDXJXKN8T3XViTZ/+wtHeVxEWY8ewSzTFN+nRmSwO2tZaLUQ=="],

    "@esbuild/linux-loong64": ["@esbuild/linux-loong64@0.28.2", "", { "os": "linux", "cpu": "none" }, "sha512-buwkd8nsph4R+ajRvw0qM5Hja/TXQow3ptzWO2EbG/cqcIkHloRrdlBtQlshyYGTNFvfkfJ5tpPLVkY4DtsPfQ=="],

    "@esbuild/linux-mips64el": ["@esbuild/linux-mips64el@0.28.2", "", { "os": "linux", "cpu": "none" }, "sha512-ZVykbDyk7519VwiNb9Lcj9m8XM6v5V9uKPvrEMkkEedVewf+0itkhahp4HDpgERXhwLRpWFypsGbG/J8s0QjJA=="],

    "@esbuild/linux-ppc64": ["@esbuild/linux-ppc64@0.28.2", "", { "os": "linux", "cpu": "ppc64" }, "sha512-CAXl+Dtd9UUuJd8pKKdwh6MLm3MUMiqMPmhZ3tTSXPqfyQ3vDl6R5hZdZ/kYojK4ofXtdfSv1tFq8XzWx3heNQ=="],

    "@esbuild/linux-riscv64": ["@esbuild/linux-riscv64@0.28.2", "", { "os": "linux", "cpu": "none" }, "sha512-GeXCej4IQtU1B+QlDV8W/RRvbzI3O/Stss+/bCXv4lZls5WGRtu2a+3JkA3i4qIUlMXpcHebWpF8AkJhATowuA=="],

    "@esbuild/linux-s390x": ["@esbuild/linux-s390x@0.28.2", "", { "os": "linux", "cpu": "s390x" }, "sha512-3H1weTYZPxt/WOhByszQZybS9w5lKzUn1FDMsgEChbHWQwHYQQRfBxgCcZvPhjHfKyJjIievvMmEUawJrdY9Dg=="],

    "@esbuild/linux-x64": ["@esbuild/linux-x64@0.28.2", "", { "os": "linux", "cpu": "x64" }, "sha512-4xTZr1FUmSoQW4XIWmit3tzQrUTZM+N3P0XV8xROKYF50XfI7xeO90+1bZvNwxIufQ9hDQVRJH5YhgPVF8A/HQ=="],

    "@esbuild/netbsd-arm64": ["@esbuild/netbsd-arm64@0.28.2", "", { "os": "none", "cpu": "arm64" }, "sha512-sSATRjPeDBg3pdgHoQfoYBob11Kk1FGa9lui5RIHZCoCkJa9QKlvl3/vKz2usCmYYjs7ymJR/2Nnsqe+Hjt5nw=="],

    "@esbuild/netbsd-x64": ["@esbuild/netbsd-x64@0.28.2", "", { "os": "none", "cpu": "x64" }, "sha512-lqnzCV+mM0gIADaKihiCg6ifgfU2L3h5E33rNQBN1Y4MaVGnzryzmvvf7UHxprpQdE8hpqLolJ9Rl+SkIRDpyw=="],

    "@esbuild/openbsd-arm64": ["@esbuild/openbsd-arm64@0.28.2", "", { "os": "openbsd", "cpu": "arm64" }, "sha512-AL2qJILH7lNjrDmCQDvdxMfAUIv8KMNZOvrwAQ8i8//ntL9FflhOyMJ8OZSMBb8/AWXe3/5v5S20y3zCoZWKoQ=="],

    "@esbuild/openbsd-x64": ["@esbuild/openbsd-x64@0.28.2", "", { "os": "openbsd", "cpu": "x64" }, "sha512-QtiuPytchRyC4rwUKhexJdQKvDuZ6hWloi3igqPQNUJCS1/v9EiO3UTOXR6A3FoMo4fnAKbWJdqaIwhOzh8qEw=="],

    "@esbuild/openharmony-arm64": ["@esbuild/openharmony-arm64@0.28.2", "", { "os": "none", "cpu": "arm64" }, "sha512-WkhYDmpTjLvGlScA1rwjRUmhl4k8oXR3cIbtqWmELgU/dFeHHlEllxDvdWcNJV9rbzCexB5vz8gtNewWLgCT7Q=="],

    "@esbuild/sunos-x64": ["@esbuild/sunos-x64@0.28.2", "", { "os": "sunos", "cpu": "x64" }, "sha512-GPMSkTOtMnv2U2F8gxe4Io6qmVs+YKyp832Etqqxr0hFngmXQ3rzwytelm3GIn7T4VviRUlf3sOgBOiTdvaf7g=="],

    "@esbuild/win32-arm64": ["@esbuild/win32-arm64@0.28.2", "", { "os": "win32", "cpu": "arm64" }, "sha512-PIhhEkE9uPBleRBrQEJpUn7MBnibZzbGzYWPmY3x+YoVg/95zbjB4CxPPOQ8l5tYYM4mMaCthF8/1DIfBQQyWQ=="],

    "@esbuild/win32-ia32": ["@esbuild/win32-ia32@0.28.2", "", { "os": "win32", "cpu": "ia32" }, "sha512-YmJbfTlvU7Sdn9BB+4PRES4oB6pxgS37MAONj+hBr/cpXS1aBPKXxNnDbu+QCWPj0o9dgyxeq79g6c5P8KeuYA=="],

    "@esbuild/win32-x64": ["@esbuild/win32-x64@0.28.2", "", { "os": "win32", "cpu": "x64" }, "sha512-5ebpxr3nWMzrL/rnUI755Jkuee0bHL/Gq0WTF9lvcpv73wAp5eu8MfBUgWK9bhWvZjj7yX8etf/8tI8Ney695g=="],

    "@prisma/client": ["@prisma/client@5.22.0", "", { "peerDependencies": { "prisma": "*" }, "optionalPeers": ["prisma"] }, "sha512-M0SVXfyHnQREBKxCgyo7sffrKttwE6R8PMq330MIUF0pTwjUhLbW84pFDlf06B27XyCR++VtjugEnIHdr07SVA=="],

    "@prisma/debug": ["@prisma/debug@5.22.0", "", {}, "sha512-AUt44v3YJeggO2ZU5BkXI7M4hu9BF2zzH2iF2V5pyXT/lRTyWiElZ7It+bRH1EshoMRxHgpYg4VB6rCM+mG5jQ=="],

    "@prisma/engines": ["@prisma/engines@5.22.0", "", { "dependencies": { "@prisma/debug": "5.22.0", "@prisma/engines-version": "5.22.0-44.605197351a3c8bdd595af2d2a9bc3025bca48ea2", "@prisma/fetch-engine": "5.22.0", "@prisma/get-platform": "5.22.0" } }, "sha512-UNjfslWhAt06kVL3CjkuYpHAWSO6L4kDCVPegV6itt7nD1kSJavd3vhgAEhjglLJJKEdJ7oIqDJ+yHk6qO8gPA=="],

    "@prisma/engines-version": ["@prisma/engines-version@5.22.0-44.605197351a3c8bdd595af2d2a9bc3025bca48ea2", "", {}, "sha512-2PTmxFR2yHW/eB3uqWtcgRcgAbG1rwG9ZriSvQw+nnb7c4uCr3RAcGMb6/zfE88SKlC1Nj2ziUvc96Z379mHgQ=="],

    "@prisma/fetch-engine": ["@prisma/fetch-engine@5.22.0", "", { "dependencies": { "@prisma/debug": "5.22.0", "@prisma/engines-version": "5.22.0-44.605197351a3c8bdd595af2d2a9bc3025bca48ea2", "@prisma/get-platform": "5.22.0" } }, "sha512-bkrD/Mc2fSvkQBV5EpoFcZ87AvOgDxbG99488a5cexp5Ccny+UM6MAe/UFkUC0wLYD9+9befNOqGiIJhhq+HbA=="],

    "@prisma/get-platform": ["@prisma/get-platform@5.22.0", "", { "dependencies": { "@prisma/debug": "5.22.0" } }, "sha512-pHhpQdr1UPFpt+zFfnPazhulaZYCUqeIcPpJViYoq9R+D/yw4fjE+CtnsnKzPYm0ddUbeXUzjGVGIRVgPDCk4Q=="],

    "@scrimba-clone/shared": ["@scrimba-clone/shared@workspace:packages/shared"],

    "@smithy/core": ["@smithy/core@3.33.3", "", { "dependencies": { "@smithy/types": "^4.17.2", "tslib": "^2.6.2" } }, "sha512-CsOeKq/9kA3y6VJHt+/+VTCtBaxJ4OTFpgrjIUhPpDIKxBci1k2bJaQASF2h/ELWrulGp+t97DZ0mevfAD8idg=="],

    "@smithy/credential-provider-imds": ["@smithy/credential-provider-imds@4.5.2", "", { "dependencies": { "@smithy/core": "^3.33.2", "@smithy/types": "^4.17.2", "tslib": "^2.6.2" } }, "sha512-A9uSdn72ozbRUSit0eib0TW7nXuNPlaeM0zcGkJ+nE6tFcSDbnmtwoxbTCFBukVQcszDAyvsd7+rTduPTXpygg=="],

    "@smithy/fetch-http-handler": ["@smithy/fetch-http-handler@5.7.2", "", { "dependencies": { "@smithy/core": "^3.33.2", "@smithy/types": "^4.17.2", "tslib": "^2.6.2" } }, "sha512-nZyWTmSpJEXl6VtWVMBJve/7x12DZu6sIX1z1a+ZMaHlQQRs9Zpu6NbTe/gmxYXVRpkjxyDYpZ5gx2IM6f/Wkw=="],

    "@smithy/node-http-handler": ["@smithy/node-http-handler@4.11.3", "", { "dependencies": { "@smithy/core": "^3.33.3", "@smithy/types": "^4.17.2", "tslib": "^2.6.2" } }, "sha512-2jY1tSpERfPfWqyBV2pH+iGFaghVsIJszJNsT7hxtQYhVJpWDyc0LqOWI+nXOxOAHaEfZ4PXXtp1wW1TGpHhkA=="],

    "@smithy/signature-v4": ["@smithy/signature-v4@5.7.3", "", { "dependencies": { "@smithy/core": "^3.33.3", "@smithy/types": "^4.17.2", "tslib": "^2.6.2" } }, "sha512-7ImGm+FkHRLcBaRttIAMZ6bzJZWb2cJGoYjq46F2UjycujWzrL9GEN9h4w7eQyXJYnltrUhxbbieBAIRrdqpow=="],

    "@smithy/types": ["@smithy/types@4.17.2", "", { "dependencies": { "tslib": "^2.6.2" } }, "sha512-FOKpVZob9MPTn2znRzGrnsMHv7BOsKVw3XiP/cOyYLDVZ9qKp4nifIiSCuUU/fIj5Vu0UOAxCFr+qRAtG0NUkA=="],

    "@types/bcryptjs": ["@types/bcryptjs@3.0.0", "", { "dependencies": { "bcryptjs": "*" } }, "sha512-WRZOuCuaz8UcZZE4R5HXTco2goQSI2XxjGY3hbM/xDvwmqFWd4ivooImsMx65OKM6CtNKbnZ5YL+YwAwK7c1dg=="],

    "@types/jsonwebtoken": ["@types/jsonwebtoken@9.0.10", "", { "dependencies": { "@types/ms": "*", "@types/node": "*" } }, "sha512-asx5hIG9Qmf/1oStypjanR7iKTv0gXQ1Ov/jfrX6kS/EO0OFni8orbmGCn0672NHR3kXHwpAwR+B368ZGN/2rA=="],

    "@types/ms": ["@types/ms@2.1.0", "", {}, "sha512-GsCCIZDE/p3i96vtEqx+7dBUGXrc7zeSK3wwPHIaRThS+9OhWIXRqzs4d6k1SVU8g91DrNRWxWUGhp5KXQb2VA=="],

    "@types/node": ["@types/node@18.19.130", "", { "dependencies": { "undici-types": "~5.26.4" } }, "sha512-GRaXQx6jGfL8sKfaIDD6OupbIHBr9jv7Jnaml9tB7l4v068PAOXqfcujMMo5PhbIs6ggR1XODELqahT2R8v0fg=="],

    "@types/vscode": ["@types/vscode@1.134.0", "", {}, "sha512-NDEu0hg4sF7+vvFsADsktqUJ6f80LHSZvVK2Ovo1XiQ0/VHck1O3zst+ZZyVA/uvz6vo6LcuoqU2q48YMqOwWw=="],

    "backend": ["backend@workspace:backend"],

    "bcryptjs": ["bcryptjs@3.0.3", "", { "bin": { "bcrypt": "bin/bcrypt" } }, "sha512-GlF5wPWnSa/X5LKM1o0wz0suXIINz1iHRLvTS+sLyi7XPbe5ycmYI3DlZqVGZZtDgl4DmasFg7gOB3JYbphV5g=="],

    "bowser": ["bowser@2.14.1", "", {}, "sha512-tzPjzCxygAKWFOJP011oxFHs57HzIhOEracIgAePE4pqB3LikALKnSzUyU4MGs9/iCEUuHlAJTjTc5M+u7YEGg=="],

    "buffer-equal-constant-time": ["buffer-equal-constant-time@1.0.1", "", {}, "sha512-zRpUiDwd/xk6ADqPMATG8vc9VPrkck7T07OIx0gnjmJAnHnTVXNQG3vfvWNuiZIkwu9KrKdA1iJKfsfTVxE6NA=="],

    "bun-types": ["bun-types@1.4.0", "", { "dependencies": { "@types/node": "*" } }, "sha512-iIKw23BspnQQYd3prITOBxeUsxBHnwzX6YJfGMuNOZzeNcMmVqzIIVGRm1l69ogaPQmb4wB6BN8mA5bE9YuC5Q=="],

    "ccusage": ["ccusage@20.0.20", "", { "optionalDependencies": { "@ccusage/ccusage-darwin-arm64": "20.0.20", "@ccusage/ccusage-darwin-x64": "20.0.20", "@ccusage/ccusage-linux-arm64": "20.0.20", "@ccusage/ccusage-linux-x64": "20.0.20", "@ccusage/ccusage-win32-arm64": "20.0.20", "@ccusage/ccusage-win32-x64": "20.0.20" }, "bin": { "ccusage": "./src/cli.js" } }, "sha512-xctCxhwK4Nqo1i3zSa1+JM3wN/oSdPSglzgxIWZyk9KLsLyQQMfntG3NJHoRH3DJHzkvG1EzVwH/xSI2z6VH3Q=="],

    "ecdsa-sig-formatter": ["ecdsa-sig-formatter@1.0.11", "", { "dependencies": { "safe-buffer": "^5.0.1" } }, "sha512-nagl3RYrbNv6kQkeJIpt6NJZy8twLB/2vtz6yN9Z4vRKHN4/QZJIEbqohALSgwKdnksuY3k5Addp5lg8sVoVcQ=="],

    "esbuild": ["esbuild@0.28.2", "", { "optionalDependencies": { "@esbuild/aix-ppc64": "0.28.2", "@esbuild/android-arm": "0.28.2", "@esbuild/android-arm64": "0.28.2", "@esbuild/android-x64": "0.28.2", "@esbuild/darwin-arm64": "0.28.2", "@esbuild/darwin-x64": "0.28.2", "@esbuild/freebsd-arm64": "0.28.2", "@esbuild/freebsd-x64": "0.28.2", "@esbuild/linux-arm": "0.28.2", "@esbuild/linux-arm64": "0.28.2", "@esbuild/linux-ia32": "0.28.2", "@esbuild/linux-loong64": "0.28.2", "@esbuild/linux-mips64el": "0.28.2", "@esbuild/linux-ppc64": "0.28.2", "@esbuild/linux-riscv64": "0.28.2", "@esbuild/linux-s390x": "0.28.2", "@esbuild/linux-x64": "0.28.2", "@esbuild/netbsd-arm64": "0.28.2", "@esbuild/netbsd-x64": "0.28.2", "@esbuild/openbsd-arm64": "0.28.2", "@esbuild/openbsd-x64": "0.28.2", "@esbuild/openharmony-arm64": "0.28.2", "@esbuild/sunos-x64": "0.28.2", "@esbuild/win32-arm64": "0.28.2", "@esbuild/win32-ia32": "0.28.2", "@esbuild/win32-x64": "0.28.2" }, "bin": { "esbuild": "bin/esbuild" } }, "sha512-HKVLS8dvII+xoKW9kmqxbRKrnWEXfJJr/FZhhJmiqIB0e053QNYFqOBouTMO/k5sID4MvCiUCvv8b9M4h32wIA=="],

    "fsevents": ["fsevents@2.3.3", "", { "os": "darwin" }, "sha512-5xoDfX+fL7faATnagmWPpbFtwh/R77WmMMqqHGS65C3vvB0YHrgF+B1YmZ3441tMj5n63k0212XNoJwzlhffQw=="],

    "hono": ["hono@4.13.4", "", {}, "sha512-AGEwKIyRMHRv1t8Wjwa3LHxQ61X5CqrdFT+4BRNTpqS5aJNnpl5WLjADb7vFlJzI/8uK7T5QLVApCMQKNa3LgQ=="],

    "jsonwebtoken": ["jsonwebtoken@9.0.3", "", { "dependencies": { "jws": "^4.0.1", "lodash.includes": "^4.3.0", "lodash.isboolean": "^3.0.3", "lodash.isinteger": "^4.0.4", "lodash.isnumber": "^3.0.3", "lodash.isplainobject": "^4.0.6", "lodash.isstring": "^4.0.1", "lodash.once": "^4.0.0", "ms": "^2.1.1", "semver": "^7.5.4" } }, "sha512-MT/xP0CrubFRNLNKvxJ2BYfy53Zkm++5bX9dtuPbqAeQpTVe0MQTFhao8+Cp//EmJp244xt6Drw/GVEGCUj40g=="],

    "jwa": ["jwa@2.0.1", "", { "dependencies": { "buffer-equal-constant-time": "^1.0.1", "ecdsa-sig-formatter": "1.0.11", "safe-buffer": "^5.0.1" } }, "sha512-hRF04fqJIP8Abbkq5NKGN0Bbr3JxlQ+qhZufXVr0DvujKy93ZCbXZMHDL4EOtodSbCWxOqR8MS1tXA5hwqCXDg=="],

    "jws": ["jws@4.0.1", "", { "dependencies": { "jwa": "^2.0.1", "safe-buffer": "^5.0.1" } }, "sha512-EKI/M/yqPncGUUh44xz0PxSidXFr/+r0pA70+gIYhjv+et7yxM+s29Y+VGDkovRofQem0fs7Uvf4+YmAdyRduA=="],

    "lodash.includes": ["lodash.includes@4.3.0", "", {}, "sha512-W3Bx6mdkRTGtlJISOvVD/lbqjTlPPUDTMnlXZFnVwi9NKJ6tiAk6LVdlhZMm17VZisqhKcgzpO5Wz91PCt5b0w=="],

    "lodash.isboolean": ["lodash.isboolean@3.0.3", "", {}, "sha512-Bz5mupy2SVbPHURB98VAcw+aHh4vRV5IPNhILUCsOzRmsTmSQ17jIuqopAentWoehktxGd9e/hbIXq980/1QJg=="],

    "lodash.isinteger": ["lodash.isinteger@4.0.4", "", {}, "sha512-DBwtEWN2caHQ9/imiNeEA5ys1JoRtRfY3d7V9wkqtbycnAmTvRRmbHKDV4a0EYc678/dia0jrte4tjYwVBaZUA=="],

    "lodash.isnumber": ["lodash.isnumber@3.0.3", "", {}, "sha512-QYqzpfwO3/CWf3XP+Z+tkQsfaLL/EnUlXWVkIk5FUPc4sBdTehEqZONuyRt2P67PXAk+NXmTBcc97zw9t1FQrw=="],

    "lodash.isplainobject": ["lodash.isplainobject@4.0.6", "", {}, "sha512-oSXzaWypCMHkPC3NvBEaPHf0KsA5mvPrOPgQWDsbg8n7orZ290M0BmC/jgRZ4vcJ6DTAhjrsSYgdsW/F+MFOBA=="],

    "lodash.isstring": ["lodash.isstring@4.0.1", "", {}, "sha512-0wJxfxH1wgO3GrbuP+dTTk7op+6L41QCXbGINEmD+ny/G/eCqGzxyCsh7159S+mgDDcoarnBw6PC1PS5+wUGgw=="],

    "lodash.once": ["lodash.once@4.1.1", "", {}, "sha512-Sb487aTOCr9drQVL8pIxOzVhafOjZN9UU54hiN8PU3uAiSV7lx1yYNpbNmex2PK6dSJoNTSJUUswT651yww3Mg=="],

    "ms": ["ms@2.1.3", "", {}, "sha512-6FlzubTLZG3J2a/NVCAleEhjzq5oxgHyaCU9yYXvcLsvoVaHJq/s5xXI6/XXP6tz7R9xAOtHnSO/tXtF3WRTlA=="],

    "node-addon-api": ["node-addon-api@7.1.1", "", {}, "sha512-5m3bsyrjFWE1xf7nz7YXdN4udnVtXK6/Yfgn5qnahL6bCkf2yKt4k3nuTKAtT4r3IG8JNR2ncsIMdZuAzJjHQQ=="],

    "node-pty": ["node-pty@1.1.0", "", { "dependencies": { "node-addon-api": "^7.1.0" } }, "sha512-20JqtutY6JPXTUnL0ij1uad7Qe1baT46lyolh2sSENDd4sTzKZ4nmAFkeAARDKwmlLjPx6XKRlwRUxwjOy+lUg=="],

    "prisma": ["prisma@5.22.0", "", { "dependencies": { "@prisma/engines": "5.22.0" }, "optionalDependencies": { "fsevents": "2.3.3" }, "bin": { "prisma": "build/index.js" } }, "sha512-vtpjW3XuYCSnMsNVBjLMNkTj6OZbudcPPTPYHqX0CJfpcdWciI1dM8uHETwmDxxiqEwCIE6WvXucWUetJgfu/A=="],

    "safe-buffer": ["safe-buffer@5.2.1", "", {}, "sha512-rp3So07KcdmmKbGvgaNxQSJr7bGVSVk5S9Eq1F+ppbRo70+YeaDxkw5Dd8NPN+GD6bjnYm2VuPuCXmpuYvmCXQ=="],

    "scrimba-clone": ["scrimba-clone@workspace:extension"],

    "semver": ["semver@7.8.5", "", { "bin": { "semver": "bin/semver.js" } }, "sha512-Y7/KDsb8LjooZpwaqGyulO6DQlksgCncchHGk+sZIY4SBvUocMBEFH5Ur1fI4dV+Jvl0w6cjvucaIi40puRioA=="],

    "tslib": ["tslib@2.8.1", "", {}, "sha512-oJFu94HQb+KVduSUQL7wnpmqnfmLsOA/nAh6b6EH0wCEoK0/mPeXU6c3wKDV83MkOuHPRHtSXKKU99IBazS/2w=="],

    "typescript": ["typescript@5.9.3", "", { "bin": { "tsc": "bin/tsc", "tsserver": "bin/tsserver" } }, "sha512-jl1vZzPDinLr9eUt3J/t7V6FgNEw9QjvBPdysz9KfQDD41fQrC2Y4vKQdiaUpFT4bXlb1RHhLpp8wtm6M5TgSw=="],

    "undici-types": ["undici-types@5.26.5", "", {}, "sha512-JlCMO+ehdEIKqlFxk6IfVoAUVmgz7cU7zD/h9XZ0qzeosSHmUJVOzSQvvYSYWXkFXC+IfLKSIffhv0sVZup6pA=="],

    "zod": ["zod@3.25.76", "", {}, "sha512-gzUt/qt81nXsFGKIFcC3YnfEAx5NkunCfnDlvuBSSFS02bcXu4Lmea0AFIUwbLWxWPx3d9p8S5QoaujKcNQxcQ=="],

    "@types/jsonwebtoken/@types/node": ["@types/node@26.3.0", "", { "dependencies": { "undici-types": "~8.3.0" } }, "sha512-L3fgrnchriRC2ExBflb8j4uZZURHZfQsmQeyVzhjcHW4kkwVyo8/0h1B2MVzMTrYUJYu6G7EWs14hW/L9putqw=="],

    "bun-types/@types/node": ["@types/node@26.3.0", "", { "dependencies": { "undici-types": "~8.3.0" } }, "sha512-L3fgrnchriRC2ExBflb8j4uZZURHZfQsmQeyVzhjcHW4kkwVyo8/0h1B2MVzMTrYUJYu6G7EWs14hW/L9putqw=="],

    "@types/jsonwebtoken/@types/node/undici-types": ["undici-types@8.3.0", "", {}, "sha512-j375ScV60dom+YkPFIfTLcOiPxkN/buHz5GobjLhixFuANaNs3C9l4GmrWqejgXWJ7BbJcFYpTEUkS1Ge8bpZQ=="],

    "bun-types/@types/node/undici-types": ["undici-types@8.3.0", "", {}, "sha512-j375ScV60dom+YkPFIfTLcOiPxkN/buHz5GobjLhixFuANaNs3C9l4GmrWqejgXWJ7BbJcFYpTEUkS1Ge8bpZQ=="],
  }
}
