{
  "lockfileVersion": 2,
  "configVersion": 1,
  "workspaces": {
    "": {
      "name": "scrimba-clone",
    },
    "backend": {
      "name": "backend",
      "version": "1.0.0",
    },
    "extension": {
      "name": "extension",
      "version": "1.0.0",
    },
    "packages/shared": {
      "name": "@scrimba-clone/shared",
      "version": "1.0.0",
      "dependencies": {
        "zod": "^3.23.8",
      },
    },
  },
  "packages": {
    "@scrimba-clone/shared": ["@scrimba-clone/shared@workspace:packages/shared"],

    "backend": ["backend@workspace:backend"],

    "extension": ["extension@workspace:extension"],

    "zod": ["zod@3.25.76", "", {}, "sha512-gzUt/qt81nXsFGKIFcC3YnfEAx5NkunCfnDlvuBSSFS02bcXu4Lmea0AFIUwbLWxWPx3d9p8S5QoaujKcNQxcQ=="],
  }
}
