{
  "lockfileVersion": 2,
  "configVersion": 1,
  "workspaces": {
    "": {
      "name": "scrimba-clone",
    },
    "backend": {
      "name": "backend",
      "version": "1.0.0",
      "dependencies": {
        "@scrimba-clone/shared": "workspace:*",
        "hono": "^4.13.4",
      },
      "devDependencies": {
        "bun-types": "^1.4.0",
        "typescript": "^5.0.0",
      },
    },
    "extension": {
      "name": "extension",
      "version": "1.0.0",
      "dependencies": {
        "@scrimba-clone/shared": "workspace:*",
      },
      "devDependencies": {
        "@types/node": "^18.0.0",
        "@types/vscode": "^1.80.0",
        "typescript": "^5.0.0",
      },
    },
    "packages/shared": {
      "name": "@scrimba-clone/shared",
      "version": "1.0.0",
      "dependencies": {
        "zod": "^3.23.8",
      },
    },
  },
  "packages": {
    "@scrimba-clone/shared": ["@scrimba-clone/shared@workspace:packages/shared"],

    "@types/node": ["@types/node@18.19.130", "", { "dependencies": { "undici-types": "~5.26.4" } }, "sha512-GRaXQx6jGfL8sKfaIDD6OupbIHBr9jv7Jnaml9tB7l4v068PAOXqfcujMMo5PhbIs6ggR1XODELqahT2R8v0fg=="],

    "@types/vscode": ["@types/vscode@1.134.0", "", {}, "sha512-NDEu0hg4sF7+vvFsADsktqUJ6f80LHSZvVK2Ovo1XiQ0/VHck1O3zst+ZZyVA/uvz6vo6LcuoqU2q48YMqOwWw=="],

    "backend": ["backend@workspace:backend"],

    "bun-types": ["bun-types@1.4.0", "", { "dependencies": { "@types/node": "*" } }, "sha512-iIKw23BspnQQYd3prITOBxeUsxBHnwzX6YJfGMuNOZzeNcMmVqzIIVGRm1l69ogaPQmb4wB6BN8mA5bE9YuC5Q=="],

    "extension": ["extension@workspace:extension"],

    "hono": ["hono@4.13.4", "", {}, "sha512-AGEwKIyRMHRv1t8Wjwa3LHxQ61X5CqrdFT+4BRNTpqS5aJNnpl5WLjADb7vFlJzI/8uK7T5QLVApCMQKNa3LgQ=="],

    "typescript": ["typescript@5.9.3", "", { "bin": { "tsc": "bin/tsc", "tsserver": "bin/tsserver" } }, "sha512-jl1vZzPDinLr9eUt3J/t7V6FgNEw9QjvBPdysz9KfQDD41fQrC2Y4vKQdiaUpFT4bXlb1RHhLpp8wtm6M5TgSw=="],

    "undici-types": ["undici-types@5.26.5", "", {}, "sha512-JlCMO+ehdEIKqlFxk6IfVoAUVmgz7cU7zD/h9XZ0qzeosSHmUJVOzSQvvYSYWXkFXC+IfLKSIffhv0sVZup6pA=="],

    "zod": ["zod@3.25.76", "", {}, "sha512-gzUt/qt81nXsFGKIFcC3YnfEAx5NkunCfnDlvuBSSFS02bcXu4Lmea0AFIUwbLWxWPx3d9p8S5QoaujKcNQxcQ=="],

    "bun-types/@types/node": ["@types/node@26.3.0", "", { "dependencies": { "undici-types": "~8.3.0" } }, "sha512-L3fgrnchriRC2ExBflb8j4uZZURHZfQsmQeyVzhjcHW4kkwVyo8/0h1B2MVzMTrYUJYu6G7EWs14hW/L9putqw=="],

    "bun-types/@types/node/undici-types": ["undici-types@8.3.0", "", {}, "sha512-j375ScV60dom+YkPFIfTLcOiPxkN/buHz5GobjLhixFuANaNs3C9l4GmrWqejgXWJ7BbJcFYpTEUkS1Ge8bpZQ=="],
  }
}
